
Microsoft Visual Studio Solution File, Format Version 12.00
# Visual Studio Version 17
VisualStudioVersion = 17.12.35707.178
MinimumVisualStudioVersion = 10.0.40219.1
Project("{FAE04EC0-301F-11D3-BF4B-00C04F79EFBC}") = "PurchaseManager", "PurchaseManager\PurchaseManager.csproj", "{76DD32E5-1DA3-45F2-8F5B-62A29F0EA312}"
EndProject
Project("{FAE04EC0-301F-11D3-BF4B-00C04F79EFBC}") = "UnitTest", "UnitTest\UnitTest.csproj", "{BAF41F9F-CCD3-4DDF-B6D1-78AE0C3CB777}"
EndProject
Global
	GlobalSection(SolutionConfigurationPlatforms) = preSolution
		Debug|Any CPU = Debug|Any CPU
		Release|Any CPU = Release|Any CPU
	EndGlobalSection
	GlobalSection(ProjectConfigurationPlatforms) = postSolution
		{76DD32E5-1DA3-45F2-8F5B-62A29F0EA312}.Debug|Any CPU.ActiveCfg = Debug|Any CPU
		{76DD32E5-1DA3-45F2-8F5B-62A29F0EA312}.Debug|Any CPU.Build.0 = Debug|Any CPU
		{76DD32E5-1DA3-45F2-8F5B-62A29F0EA312}.Release|Any CPU.ActiveCfg = Release|Any CPU
		{76DD32E5-1DA3-45F2-8F5B-62A29F0EA312}.Release|Any CPU.Build.0 = Release|Any CPU
		{BAF41F9F-CCD3-4DDF-B6D1-78AE0C3CB777}.Debug|Any CPU.ActiveCfg = Debug|Any CPU
		{BAF41F9F-CCD3-4DDF-B6D1-78AE0C3CB777}.Debug|Any CPU.Build.0 = Debug|Any CPU
		{BAF41F9F-CCD3-4DDF-B6D1-78AE0C3CB777}.Release|Any CPU.ActiveCfg = Release|Any CPU
		{BAF41F9F-CCD3-4DDF-B6D1-78AE0C3CB777}.Release|Any CPU.Build.0 = Release|Any CPU
	EndGlobalSection
	GlobalSection(SolutionProperties) = preSolution
		HideSolutionNode = FALSE
	EndGlobalSection
EndGlobal
